{
  "name": "10up-block-components",
  "version": "0.1.0",
  "lockfileVersion": 1,
  "requires": true,
  "dependencies": {
    "@10up/eslint-config": {
      "version": "2.2.0",
      "resolved": "https://registry.npmjs.org/@10up/eslint-config/-/eslint-config-2.2.0.tgz",
      "integrity": "sha512-/AsvNwrhu93+K/xMsg2YRjlfKLzizF7L0OxCCqt1aq6jQOeAZ1DJmec6zRIg9Ldxy1Ma4AQoxH0hPW9NpsKb4w==",
      "dev": true
    }
  }
}
